
Microsoft Visual Studio Solution File, Format Version 12.00
# Visual Studio Version 17
VisualStudioVersion = 17.0.31903.59
MinimumVisualStudioVersion = 10.0.40219.1
Project("{2150E333-8FDC-42A3-9474-1A3956D46DE8}") = "backend", "backend", "{1AE8ACA6-933B-BF2A-3671-3E2EAC007D16}"
EndProject
Project("{FAE04EC0-301F-11D3-BF4B-00C04F79EFBC}") = "Application", "backend\Application\Application.csproj", "{66CCF4D9-B92D-412D-AB01-4E3289116E72}"
EndProject
Project("{FAE04EC0-301F-11D3-BF4B-00C04F79EFBC}") = "Api", "backend\Api\Api.csproj", "{240EF09A-5204-476F-9BFE-B7B85ADF2CDF}"
EndProject
Project("{FAE04EC0-301F-11D3-BF4B-00C04F79EFBC}") = "AppHost", "AppHost\AppHost.csproj", "{DC1786C9-7AF5-4A42-8DF2-9CFA88410D81}"
EndProject
Project("{FAE04EC0-301F-11D3-BF4B-00C04F79EFBC}") = "ServiceDefaults", "ServiceDefaults\ServiceDefaults.csproj", "{42644A61-918E-41C3-B660-ED21A17367EE}"
EndProject
Project("{FAE04EC0-301F-11D3-BF4B-00C04F79EFBC}") = "Persistence", "backend\Persistence\Persistence.csproj", "{EA86B9A1-5A52-491E-86F3-25D27F041728}"
EndProject
Project("{2150E333-8FDC-42A3-9474-1A3956D46DE8}") = "Solution Items", "Solution Items", "{8EC462FD-D22E-90A8-E5CE-7E832BA40C5D}"
	ProjectSection(SolutionItems) = preProject
		Directory.Packages.props = Directory.Packages.props
	EndProjectSection
EndProject
Global
	GlobalSection(SolutionConfigurationPlatforms) = preSolution
		Debug|Any CPU = Debug|Any CPU
		Debug|x64 = Debug|x64
		Debug|x86 = Debug|x86
		Release|Any CPU = Release|Any CPU
		Release|x64 = Release|x64
		Release|x86 = Release|x86
	EndGlobalSection
	GlobalSection(ProjectConfigurationPlatforms) = postSolution
		{66CCF4D9-B92D-412D-AB01-4E3289116E72}.Debug|Any CPU.ActiveCfg = Debug|Any CPU
		{66CCF4D9-B92D-412D-AB01-4E3289116E72}.Debug|Any CPU.Build.0 = Debug|Any CPU
		{66CCF4D9-B92D-412D-AB01-4E3289116E72}.Debug|x64.ActiveCfg = Debug|Any CPU
		{66CCF4D9-B92D-412D-AB01-4E3289116E72}.Debug|x64.Build.0 = Debug|Any CPU
		{66CCF4D9-B92D-412D-AB01-4E3289116E72}.Debug|x86.ActiveCfg = Debug|Any CPU
		{66CCF4D9-B92D-412D-AB01-4E3289116E72}.Debug|x86.Build.0 = Debug|Any CPU
		{66CCF4D9-B92D-412D-AB01-4E3289116E72}.Release|Any CPU.ActiveCfg = Release|Any CPU
		{66CCF4D9-B92D-412D-AB01-4E3289116E72}.Release|Any CPU.Build.0 = Release|Any CPU
		{66CCF4D9-B92D-412D-AB01-4E3289116E72}.Release|x64.ActiveCfg = Release|Any CPU
		{66CCF4D9-B92D-412D-AB01-4E3289116E72}.Release|x64.Build.0 = Release|Any CPU
		{66CCF4D9-B92D-412D-AB01-4E3289116E72}.Release|x86.ActiveCfg = Release|Any CPU
		{66CCF4D9-B92D-412D-AB01-4E3289116E72}.Release|x86.Build.0 = Release|Any CPU
		{240EF09A-5204-476F-9BFE-B7B85ADF2CDF}.Debug|Any CPU.ActiveCfg = Debug|Any CPU
		{240EF09A-5204-476F-9BFE-B7B85ADF2CDF}.Debug|Any CPU.Build.0 = Debug|Any CPU
		{240EF09A-5204-476F-9BFE-B7B85ADF2CDF}.Debug|x64.ActiveCfg = Debug|Any CPU
		{240EF09A-5204-476F-9BFE-B7B85ADF2CDF}.Debug|x64.Build.0 = Debug|Any CPU
		{240EF09A-5204-476F-9BFE-B7B85ADF2CDF}.Debug|x86.ActiveCfg = Debug|Any CPU
		{240EF09A-5204-476F-9BFE-B7B85ADF2CDF}.Debug|x86.Build.0 = Debug|Any CPU
		{240EF09A-5204-476F-9BFE-B7B85ADF2CDF}.Release|Any CPU.ActiveCfg = Release|Any CPU
		{240EF09A-5204-476F-9BFE-B7B85ADF2CDF}.Release|Any CPU.Build.0 = Release|Any CPU
		{240EF09A-5204-476F-9BFE-B7B85ADF2CDF}.Release|x64.ActiveCfg = Release|Any CPU
		{240EF09A-5204-476F-9BFE-B7B85ADF2CDF}.Release|x64.Build.0 = Release|Any CPU
		{240EF09A-5204-476F-9BFE-B7B85ADF2CDF}.Release|x86.ActiveCfg = Release|Any CPU
		{240EF09A-5204-476F-9BFE-B7B85ADF2CDF}.Release|x86.Build.0 = Release|Any CPU
		{DC1786C9-7AF5-4A42-8DF2-9CFA88410D81}.Debug|Any CPU.ActiveCfg = Debug|Any CPU
		{DC1786C9-7AF5-4A42-8DF2-9CFA88410D81}.Debug|Any CPU.Build.0 = Debug|Any CPU
		{DC1786C9-7AF5-4A42-8DF2-9CFA88410D81}.Debug|x64.ActiveCfg = Debug|Any CPU
		{DC1786C9-7AF5-4A42-8DF2-9CFA88410D81}.Debug|x64.Build.0 = Debug|Any CPU
		{DC1786C9-7AF5-4A42-8DF2-9CFA88410D81}.Debug|x86.ActiveCfg = Debug|Any CPU
		{DC1786C9-7AF5-4A42-8DF2-9CFA88410D81}.Debug|x86.Build.0 = Debug|Any CPU
		{DC1786C9-7AF5-4A42-8DF2-9CFA88410D81}.Release|Any CPU.ActiveCfg = Release|Any CPU
		{DC1786C9-7AF5-4A42-8DF2-9CFA88410D81}.Release|Any CPU.Build.0 = Release|Any CPU
		{DC1786C9-7AF5-4A42-8DF2-9CFA88410D81}.Release|x64.ActiveCfg = Release|Any CPU
		{DC1786C9-7AF5-4A42-8DF2-9CFA88410D81}.Release|x64.Build.0 = Release|Any CPU
		{DC1786C9-7AF5-4A42-8DF2-9CFA88410D81}.Release|x86.ActiveCfg = Release|Any CPU
		{DC1786C9-7AF5-4A42-8DF2-9CFA88410D81}.Release|x86.Build.0 = Release|Any CPU
		{42644A61-918E-41C3-B660-ED21A17367EE}.Debug|Any CPU.ActiveCfg = Debug|Any CPU
		{42644A61-918E-41C3-B660-ED21A17367EE}.Debug|Any CPU.Build.0 = Debug|Any CPU
		{42644A61-918E-41C3-B660-ED21A17367EE}.Debug|x64.ActiveCfg = Debug|Any CPU
		{42644A61-918E-41C3-B660-ED21A17367EE}.Debug|x64.Build.0 = Debug|Any CPU
		{42644A61-918E-41C3-B660-ED21A17367EE}.Debug|x86.ActiveCfg = Debug|Any CPU
		{42644A61-918E-41C3-B660-ED21A17367EE}.Debug|x86.Build.0 = Debug|Any CPU
		{42644A61-918E-41C3-B660-ED21A17367EE}.Release|Any CPU.ActiveCfg = Release|Any CPU
		{42644A61-918E-41C3-B660-ED21A17367EE}.Release|Any CPU.Build.0 = Release|Any CPU
		{42644A61-918E-41C3-B660-ED21A17367EE}.Release|x64.ActiveCfg = Release|Any CPU
		{42644A61-918E-41C3-B660-ED21A17367EE}.Release|x64.Build.0 = Release|Any CPU
		{42644A61-918E-41C3-B660-ED21A17367EE}.Release|x86.ActiveCfg = Release|Any CPU
		{42644A61-918E-41C3-B660-ED21A17367EE}.Release|x86.Build.0 = Release|Any CPU
		{EA86B9A1-5A52-491E-86F3-25D27F041728}.Debug|Any CPU.ActiveCfg = Debug|Any CPU
		{EA86B9A1-5A52-491E-86F3-25D27F041728}.Debug|Any CPU.Build.0 = Debug|Any CPU
		{EA86B9A1-5A52-491E-86F3-25D27F041728}.Debug|x64.ActiveCfg = Debug|Any CPU
		{EA86B9A1-5A52-491E-86F3-25D27F041728}.Debug|x64.Build.0 = Debug|Any CPU
		{EA86B9A1-5A52-491E-86F3-25D27F041728}.Debug|x86.ActiveCfg = Debug|Any CPU
		{EA86B9A1-5A52-491E-86F3-25D27F041728}.Debug|x86.Build.0 = Debug|Any CPU
		{EA86B9A1-5A52-491E-86F3-25D27F041728}.Release|Any CPU.ActiveCfg = Release|Any CPU
		{EA86B9A1-5A52-491E-86F3-25D27F041728}.Release|Any CPU.Build.0 = Release|Any CPU
		{EA86B9A1-5A52-491E-86F3-25D27F041728}.Release|x64.ActiveCfg = Release|Any CPU
		{EA86B9A1-5A52-491E-86F3-25D27F041728}.Release|x64.Build.0 = Release|Any CPU
		{EA86B9A1-5A52-491E-86F3-25D27F041728}.Release|x86.ActiveCfg = Release|Any CPU
		{EA86B9A1-5A52-491E-86F3-25D27F041728}.Release|x86.Build.0 = Release|Any CPU
	EndGlobalSection
	GlobalSection(SolutionProperties) = preSolution
		HideSolutionNode = FALSE
	EndGlobalSection
	GlobalSection(NestedProjects) = preSolution
		{66CCF4D9-B92D-412D-AB01-4E3289116E72} = {1AE8ACA6-933B-BF2A-3671-3E2EAC007D16}
		{240EF09A-5204-476F-9BFE-B7B85ADF2CDF} = {1AE8ACA6-933B-BF2A-3671-3E2EAC007D16}
		{EA86B9A1-5A52-491E-86F3-25D27F041728} = {1AE8ACA6-933B-BF2A-3671-3E2EAC007D16}
	EndGlobalSection
EndGlobal
